schema: '2.0'
stages:
  titanic-run:
    cmd: poetry run titanic
    deps:
    - path: kaggle_competitions/metrics.py
      hash: md5
      md5: 28dc43e2ad628685f304b388cccda375
      size: 1415
    - path: kaggle_competitions/titanic/data/gender_submission.csv
      hash: md5
      md5: 30d1073b964a5d815431ec603a0de353
      size: 3258
    - path: kaggle_competitions/titanic/data/test.csv
      hash: md5
      md5: 7533b82eae4b582610cbd68aa636b017
      size: 28629
    - path: kaggle_competitions/titanic/data/train.csv
      hash: md5
      md5: 2309cc5f04782ed9bb6016d9f4e381cf
      size: 61194
    - path: kaggle_competitions/titanic/run.py
      hash: md5
      md5: c4e47dc2cef09e535c7ebe3c6c575379
      size: 2643
    outs:
    - path: kaggle_competitions/titanic/data/submission.csv
      hash: md5
      md5: 50234c221c645105f8eace1d780beee3
      size: 2839
    - path: kaggle_competitions/titanic/metrics.json
      hash: md5
      md5: 50d72bdc734cb274c7a9eb285505c6d7
      size: 172
  titanic-submit:
    cmd: poetry run kaggle competitions submit -c titanic -f ./kaggle_competitions/titanic/data/submission.csv
      -m "Automatic submit"
    deps:
    - path: kaggle_competitions/titanic/data/submission.csv
      hash: md5
      md5: 50234c221c645105f8eace1d780beee3
      size: 2839
  titanic-load:
    cmd: cd kaggle_competitions/titanic/data && poetry run kaggle competitions download
      -c titanic && unzip titanic.zip && rm titanic.zip
    outs:
    - path: kaggle_competitions/titanic/data/gender_submission.csv
      hash: md5
      md5: 30d1073b964a5d815431ec603a0de353
      size: 3258
    - path: kaggle_competitions/titanic/data/test.csv
      hash: md5
      md5: 7533b82eae4b582610cbd68aa636b017
      size: 28629
    - path: kaggle_competitions/titanic/data/train.csv
      hash: md5
      md5: 2309cc5f04782ed9bb6016d9f4e381cf
      size: 61194
  spaceship-titanic-load:
    cmd: cd kaggle_competitions/spaceship_titanic/data && poetry run kaggle competitions
      download -c spaceship-titanic && unzip spaceship-titanic.zip && rm spaceship-titanic.zip
    outs:
    - path: kaggle_competitions/spaceship_titanic/data/sample_submission.csv
      hash: md5
      md5: 3a6a8fbeadb084d5227ae05cf4f4e3e2
      size: 59902
    - path: kaggle_competitions/spaceship_titanic/data/test.csv
      hash: md5
      md5: 5ded803886f27a2f241763327b14a19e
      size: 372487
    - path: kaggle_competitions/spaceship_titanic/data/train.csv
      hash: md5
      md5: 8cf8d6d39aecf7cc6466eb79b0ed6e1b
      size: 805421
  spaceship-titanic-run:
    cmd: poetry run spaceship_titanic
    deps:
    - path: kaggle_competitions/metrics.py
      hash: md5
      md5: 28dc43e2ad628685f304b388cccda375
      size: 1415
    - path: kaggle_competitions/spaceship_titanic/data/sample_submission.csv
      hash: md5
      md5: 3a6a8fbeadb084d5227ae05cf4f4e3e2
      size: 59902
    - path: kaggle_competitions/spaceship_titanic/data/test.csv
      hash: md5
      md5: 5ded803886f27a2f241763327b14a19e
      size: 372487
    - path: kaggle_competitions/spaceship_titanic/data/train.csv
      hash: md5
      md5: 8cf8d6d39aecf7cc6466eb79b0ed6e1b
      size: 805421
    - path: kaggle_competitions/spaceship_titanic/run.py
      hash: md5
      md5: 5f173556248926546fc8af053352b638
      size: 6989
    outs:
    - path: kaggle_competitions/spaceship_titanic/data/submission.csv
      hash: md5
      md5: a729233d4106ffc77a1776de4a3ba87c
      size: 57641
    - path: kaggle_competitions/spaceship_titanic/metrics.json
      hash: md5
      md5: 84b7db16b6a4d907d899961a1d4d7a87
      size: 130
  spaceship-titanic-submit:
    cmd: poetry run kaggle competitions submit -c spaceship-titanic -f ./kaggle_competitions/spaceship_titanic/data/submission.csv
      -m "Automatic submit"
    deps:
    - path: kaggle_competitions/spaceship_titanic/data/submission.csv
      hash: md5
      md5: a729233d4106ffc77a1776de4a3ba87c
      size: 57641
