schema: '2.0'
stages:
  titanic-run:
    cmd: poetry run titanic
    deps:
    - path: kaggle_competitions/titanic/data/gender_submission.csv
      hash: md5
      md5: 30d1073b964a5d815431ec603a0de353
      size: 3258
    - path: kaggle_competitions/titanic/data/test.csv
      hash: md5
      md5: 7533b82eae4b582610cbd68aa636b017
      size: 28629
    - path: kaggle_competitions/titanic/data/train.csv
      hash: md5
      md5: 2309cc5f04782ed9bb6016d9f4e381cf
      size: 61194
    - path: kaggle_competitions/titanic/run.py
      hash: md5
      md5: b1d04354593df0eb41eeea71c6ac5ced
      size: 2406
    outs:
    - path: kaggle_competitions/titanic/data/submission.csv
      hash: md5
      md5: 3723ec3761d8339e8de5666372a81485
      size: 2839
    - path: kaggle_competitions/titanic/metrics.json
      hash: md5
      md5: 3dce4879828d100696ae8cd811e98742
      size: 160
  titanic-submit:
    cmd: poetry run kaggle competitions submit -c titanic -f ./kaggle_competitions/titanic/data/submission.csv
      -m "Automatic submit"
    deps:
    - path: kaggle_competitions/titanic/data/submission.csv
      hash: md5
      md5: 3723ec3761d8339e8de5666372a81485
      size: 2839
